
Microsoft Visual Studio Solution File, Format Version 12.00
# Visual Studio Version 17
VisualStudioVersion = 17.5.002.0
MinimumVisualStudioVersion = 10.0.40219.1
Project("{9A19103F-16F7-4668-BE54-9A1E7A4F7556}") = "Winxes", "Winxes\Winxes.csproj", "{77A7D596-791F-4D61-BE3C-27C6F185D404}"
EndProject
Global
	GlobalSection(SolutionConfigurationPlatforms) = preSolution
		Debug|Any CPU = Debug|Any CPU
		Release|Any CPU = Release|Any CPU
	EndGlobalSection
	GlobalSection(ProjectConfigurationPlatforms) = postSolution
		{77A7D596-791F-4D61-BE3C-27C6F185D404}.Debug|Any CPU.ActiveCfg = Debug|Any CPU
		{77A7D596-791F-4D61-BE3C-27C6F185D404}.Debug|Any CPU.Build.0 = Debug|Any CPU
		{77A7D596-791F-4D61-BE3C-27C6F185D404}.Release|Any CPU.ActiveCfg = Release|Any CPU
		{77A7D596-791F-4D61-BE3C-27C6F185D404}.Release|Any CPU.Build.0 = Release|Any CPU
	EndGlobalSection
	GlobalSection(SolutionProperties) = preSolution
		HideSolutionNode = FALSE
	EndGlobalSection
	GlobalSection(ExtensibilityGlobals) = postSolution
		SolutionGuid = {5A0F6F7F-1994-4C7F-8F1C-63C712DF08D5}
	EndGlobalSection
EndGlobal
